
Microsoft Visual Studio Solution File, Format Version 12.00
# Visual Studio Version 16
VisualStudioVersion = 16.0.29324.140
MinimumVisualStudioVersion = 10.0.40219.1
Project("{FAE04EC0-301F-11D3-BF4B-00C04F79EFBC}") = "Scorpion Client", "Scorpion Client\Scorpion Client.csproj", "{F30FC35A-E23F-45FF-92E6-914951C17B92}"
EndProject
Project("{2150E333-8FDC-42A3-9474-1A3956D46DE8}") = "Solution Items", "Solution Items", "{0F3A76F8-614A-41ED-85AF-1EAA2FD1845E}"
	ProjectSection(SolutionItems) = preProject
		.editorconfig = .editorconfig
	EndProjectSection
EndProject
Global
	GlobalSection(SolutionConfigurationPlatforms) = preSolution
		Debug|Any CPU = Debug|Any CPU
		Release|Any CPU = Release|Any CPU
	EndGlobalSection
	GlobalSection(ProjectConfigurationPlatforms) = postSolution
		{F30FC35A-E23F-45FF-92E6-914951C17B92}.Debug|Any CPU.ActiveCfg = Debug|Any CPU
		{F30FC35A-E23F-45FF-92E6-914951C17B92}.Debug|Any CPU.Build.0 = Debug|Any CPU
		{F30FC35A-E23F-45FF-92E6-914951C17B92}.Release|Any CPU.ActiveCfg = Release|Any CPU
		{F30FC35A-E23F-45FF-92E6-914951C17B92}.Release|Any CPU.Build.0 = Release|Any CPU
	EndGlobalSection
	GlobalSection(SolutionProperties) = preSolution
		HideSolutionNode = FALSE
	EndGlobalSection
	GlobalSection(ExtensibilityGlobals) = postSolution
		SolutionGuid = {12995237-B709-4D1E-981B-BB50CD3F6433}
	EndGlobalSection
EndGlobal
